# This file was autogenerated by Stack.
# You should not edit this file by hand.
# For more information, please see the documentation at:
#   https://docs.haskellstack.org/en/stable/lock_files

packages:
- completed:
    hackage: github-0.25@sha256:32e1ede86a04976e06740a5993fab5306c5dbfdd17e96d83b79e53b82195739e,7091
    pantry-tree:
      size: 7412
      sha256: 7cdaaf168051ed364ee9e2e565c63e2257755720fe5bfa287331e06581ea78f1
  original:
    hackage: github-0.25@sha256:32e1ede86a04976e06740a5993fab5306c5dbfdd17e96d83b79e53b82195739e,7091
- completed:
    hackage: binary-instances-1.0.0.1@sha256:70c5759ab4f09cf661f68b72b3543872bc32b61095159d2bfcda8d71dce29b7e,2637
    pantry-tree:
      size: 1035
      sha256: b0d454f73c456c07f02e40002444922ec23278955a222466a8063800aa949c6d
  original:
    hackage: binary-instances-1.0.0.1@sha256:70c5759ab4f09cf661f68b72b3543872bc32b61095159d2bfcda8d71dce29b7e,2637
snapshots:
- completed:
    size: 531718
    url: https://raw.githubusercontent.com/commercialhaskell/stackage-snapshots/master/lts/16/6.yaml
    sha256: 230a7266fc11f76222bd3bb68e9503ed11d553060a752f164bff6753ed03e271
  original: lts-16.6
